// !$*UTF8*$!
{
	archiveVersion = 1;
	classes = {
	};
	objectVersion = 46;
	objects = {

/* Begin PBXBuildFile section */
		3B0BF56F1B9CB58D004D20D9 /* AppDelegate.swift in Sources */ = {isa = PBXBuildFile; fileRef = 3B0BF56E1B9CB58D004D20D9 /* AppDelegate.swift */; };
		3B0BF5711B9CB58D004D20D9 /* ViewController.swift in Sources */ = {isa = PBXBuildFile; fileRef = 3B0BF5701B9CB58D004D20D9 /* ViewController.swift */; };
		3B0BF5741B9CB58D004D20D9 /* Main.storyboard in Resources */ = {isa = PBXBuildFile; fileRef = 3B0BF5721B9CB58D004D20D9 /* Main.storyboard */; };
		3B0BF5761B9CB58D004D20D9 /* Images.xcassets in Resources */ = {isa = PBXBuildFile; fileRef = 3B0BF5751B9CB58D004D20D9 /* Images.xcassets */; };
		3B0BF5791B9CB58D004D20D9 /* LaunchScreen.xib in Resources */ = {isa = PBXBuildFile; fileRef = 3B0BF5771B9CB58D004D20D9 /* LaunchScreen.xib */; };
		3B0BF5851B9CB58D004D20D9 /* PostcardSwiftTests.swift in Sources */ = {isa = PBXBuildFile; fileRef = 3B0BF5841B9CB58D004D20D9 /* PostcardSwiftTests.swift */; };
/* End PBXBuildFile section */

/* Begin PBXContainerItemProxy section */
		3B0BF57F1B9CB58D004D20D9 /* PBXContainerItemProxy */ = {
			isa = PBXContainerItemProxy;
			containerPortal = 3B0BF5611B9CB58D004D20D9 /* Project object */;
			proxyType = 1;
			remoteGlobalIDString = 3B0BF5681B9CB58D004D20D9;
			remoteInfo = PostcardSwift;
		};
/* End PBXContainerItemProxy section */

/* Begin PBXFileReference section */
		3B0BF5691B9CB58D004D20D9 /* PostcardSwift.app */ = {isa = PBXFileReference; explicitFileType = wrapper.application; includeInIndex = 0; path = PostcardSwift.app; sourceTree = BUILT_PRODUCTS_DIR; };
		3B0BF56D1B9CB58D004D20D9 /* Info.plist */ = {isa = PBXFileReference; lastKnownFileType = text.plist.xml; path = Info.plist; sourceTree = "<group>"; };
		3B0BF56E1B9CB58D004D20D9 /* AppDelegate.swift */ = {isa = PBXFileReference; lastKnownFileType = sourcecode.swift; path = AppDelegate.swift; sourceTree = "<group>"; };
		3B0BF5701B9CB58D004D20D9 /* ViewController.swift */ = {isa = PBXFileReference; lastKnownFileType = sourcecode.swift; path = ViewController.swift; sourceTree = "<group>"; };
		3B0BF5731B9CB58D004D20D9 /* Base */ = {isa = PBXFileReference; lastKnownFileType = file.storyboard; name = Base; path = Base.lproj/Main.storyboard; sourceTree = "<group>"; };
		3B0BF5751B9CB58D004D20D9 /* Images.xcassets */ = {isa = PBXFileReference; lastKnownFileType = folder.assetcatalog; path = Images.xcassets; sourceTree = "<group>"; };
		3B0BF5781B9CB58D004D20D9 /* Base */ = {isa = PBXFileReference; lastKnownFileType = file.xib; name = Base; path = Base.lproj/LaunchScreen.xib; sourceTree = "<group>"; };
		3B0BF57E1B9CB58D004D20D9 /* PostcardSwiftTests.xctest */ = {isa = PBXFileReference; explicitFileType = wrapper.cfbundle; includeInIndex = 0; path = PostcardSwiftTests.xctest; sourceTree = BUILT_PRODUCTS_DIR; };
		3B0BF5831B9CB58D004D20D9 /* Info.plist */ = {isa = PBXFileReference; lastKnownFileType = text.plist.xml; path = Info.plist; sourceTree = "<group>"; };
		3B0BF5841B9CB58D004D20D9 /* PostcardSwiftTests.swift */ = {isa = PBXFileReference; lastKnownFileType = sourcecode.swift; path = PostcardSwiftTests.swift; sourceTree = "<group>"; };
/* End PBXFileReference section */

/* Begin PBXFrameworksBuildPhase section */
		3B0BF5661B9CB58D004D20D9 /* Frameworks */ = {
			isa = PBXFrameworksBuildPhase;
			buildActionMask = 2147483647;
			files = (
			);
			runOnlyForDeploymentPostprocessing = 0;
		};
		3B0BF57B1B9CB58D004D20D9 /* Frameworks */ = {
			isa = PBXFrameworksBuildPhase;
			buildActionMask = 2147483647;
			files = (
			);
			runOnlyForDeploymentPostprocessing = 0;
		};
/* End PBXFrameworksBuildPhase section */

/* Begin PBXGroup section */
		3B0BF5601B9CB58D004D20D9 = {
			isa = PBXGroup;
			children = (
				3B0BF56B1B9CB58D004D20D9 /* PostcardSwift */,
				3B0BF5811B9CB58D004D20D9 /* PostcardSwiftTests */,
				3B0BF56A1B9CB58D004D20D9 /* Products */,
			);
			sourceTree = "<group>";
		};
		3B0BF56A1B9CB58D004D20D9 /* Products */ = {
			isa = PBXGroup;
			children = (
				3B0BF5691B9CB58D004D20D9 /* PostcardSwift.app */,
				3B0BF57E1B9CB58D004D20D9 /* PostcardSwiftTests.xctest */,
			);
			name = Products;
			sourceTree = "<group>";
		};
		3B0BF56B1B9CB58D004D20D9 /* PostcardSwift */ = {
			isa = PBXGroup;
			children = (
				3B0BF56E1B9CB58D004D20D9 /* AppDelegate.swift */,
				3B0BF5701B9CB58D004D20D9 /* ViewController.swift */,
				3B0BF5721B9CB58D004D20D9 /* Main.storyboard */,
				3B0BF5751B9CB58D004D20D9 /* Images.xcassets */,
				3B0BF5771B9CB58D004D20D9 /* LaunchScreen.xib */,
				3B0BF56C1B9CB58D004D20D9 /* Supporting Files */,
			);
			path = PostcardSwift;
			sourceTree = "<group>";
		};
		3B0BF56C1B9CB58D004D20D9 /* Supporting Files */ = {
			isa = PBXGroup;
			children = (
				3B0BF56D1B9CB58D004D20D9 /* Info.plist */,
			);
			name = "Supporting Files";
			sourceTree = "<group>";
		};
		3B0BF5811B9CB58D004D20D9 /* PostcardSwiftTests */ = {
			isa = PBXGroup;
			children = (
				3B0BF5841B9CB58D004D20D9 /* PostcardSwiftTests.swift */,
				3B0BF5821B9CB58D004D20D9 /* Supporting Files */,
			);
			path = PostcardSwiftTests;
			sourceTree = "<group>";
		};
		3B0BF5821B9CB58D004D20D9 /* Supporting Files */ = {
			isa = PBXGroup;
			children = (
				3B0BF5831B9CB58D004D20D9 /* Info.plist */,
			);
			name = "Supporting Files";
			sourceTree = "<group>";
		};
/* End PBXGroup section */

/* Begin PBXNativeTarget section */
		3B0BF5681B9CB58D004D20D9 /* PostcardSwift */ = {
			isa = PBXNativeTarget;
			buildConfigurationList = 3B0BF5881B9CB58D004D20D9 /* Build configuration list for PBXNativeTarget "PostcardSwift" */;
			buildPhases = (
				3B0BF5651B9CB58D004D20D9 /* Sources */,
				3B0BF5661B9CB58D004D20D9 /* Frameworks */,
				3B0BF5671B9CB58D004D20D9 /* Resources */,
			);
			buildRules = (
			);
			dependencies = (
			);
			name = PostcardSwift;
			productName = PostcardSwift;
			productReference = 3B0BF5691B9CB58D004D20D9 /* PostcardSwift.app */;
			productType = "com.apple.product-type.application";
		};
		3B0BF57D1B9CB58D004D20D9 /* PostcardSwiftTests */ = {
			isa = PBXNativeTarget;
			buildConfigurationList = 3B0BF58B1B9CB58D004D20D9 /* Build configuration list for PBXNativeTarget "PostcardSwiftTests" */;
			buildPhases = (
				3B0BF57A1B9CB58D004D20D9 /* Sources */,
				3B0BF57B1B9CB58D004D20D9 /* Frameworks */,
				3B0BF57C1B9CB58D004D20D9 /* Resources */,
			);
			buildRules = (
			);
			dependencies = (
				3B0BF5801B9CB58D004D20D9 /* PBXTargetDependency */,
			);
			name = PostcardSwiftTests;
			productName = PostcardSwiftTests;
			productReference = 3B0BF57E1B9CB58D004D20D9 /* PostcardSwiftTests.xctest */;
			productType = "com.apple.product-type.bundle.unit-test";
		};
/* End PBXNativeTarget section */

/* Begin PBXProject section */
		3B0BF5611B9CB58D004D20D9 /* Project object */ = {
			isa = PBXProject;
			attributes = {
				LastUpgradeCheck = 0640;
				ORGANIZATIONNAME = "Mengistayehu Mamo";
				TargetAttributes = {
					3B0BF5681B9CB58D004D20D9 = {
						CreatedOnToolsVersion = 6.4;
					};
					3B0BF57D1B9CB58D004D20D9 = {
						CreatedOnToolsVersion = 6.4;
						TestTargetID = 3B0BF5681B9CB58D004D20D9;
					};
				};
			};
			buildConfigurationList = 3B0BF5641B9CB58D004D20D9 /* Build configuration list for PBXProject "PostcardSwift" */;
			compatibilityVersion = "Xcode 3.2";
			developmentRegion = English;
			hasScannedForEncodings = 0;
			knownRegions = (
				en,
				Base,
			);
			mainGroup = 3B0BF5601B9CB58D004D20D9;
			productRefGroup = 3B0BF56A1B9CB58D004D20D9 /* Products */;
			projectDirPath = "";
			projectRoot = "";
			targets = (
				3B0BF5681B9CB58D004D20D9 /* PostcardSwift */,
				3B0BF57D1B9CB58D004D20D9 /* PostcardSwiftTests */,
			);
		};
/* End PBXProject section */

/* Begin PBXResourcesBuildPhase section */
		3B0BF5671B9CB58D004D20D9 /* Resources */ = {
			isa = PBXResourcesBuildPhase;
			buildActionMask = 2147483647;
			files = (
				3B0BF5741B9CB58D004D20D9 /* Main.storyboard in Resources */,
				3B0BF5791B9CB58D004D20D9 /* LaunchScreen.xib in Resources */,
				3B0BF5761B9CB58D004D20D9 /* Images.xcassets in Resources */,
			);
			runOnlyForDeploymentPostprocessing = 0;
		};
		3B0BF57C1B9CB58D004D20D9 /* Resources */ = {
			isa = PBXResourcesBuildPhase;
			buildActionMask = 2147483647;
			files = (
			);
			runOnlyForDeploymentPostprocessing = 0;
		};
/* End PBXResourcesBuildPhase section */

/* Begin PBXSourcesBuildPhase section */
		3B0BF5651B9CB58D004D20D9 /* Sources */ = {
			isa = PBXSourcesBuildPhase;
			buildActionMask = 2147483647;
			files = (
				3B0BF5711B9CB58D004D20D9 /* ViewController.swift in Sources */,
				3B0BF56F1B9CB58D004D20D9 /* AppDelegate.swift in Sources */,
			);
			runOnlyForDeploymentPostprocessing = 0;
		};
		3B0BF57A1B9CB58D004D20D9 /* Sources */ = {
			isa = PBXSourcesBuildPhase;
			buildActionMask = 2147483647;
			files = (
				3B0BF5851B9CB58D004D20D9 /* PostcardSwiftTests.swift in Sources */,
			);
			runOnlyForDeploymentPostprocessing = 0;
		};
/* End PBXSourcesBuildPhase section */

/* Begin PBXTargetDependency section */
		3B0BF5801B9CB58D004D20D9 /* PBXTargetDependency */ = {
			isa = PBXTargetDependency;
			target = 3B0BF5681B9CB58D004D20D9 /* PostcardSwift */;
			targetProxy = 3B0BF57F1B9CB58D004D20D9 /* PBXContainerItemProxy */;
		};
/* End PBXTargetDependency section */

/* Begin PBXVariantGroup section */
		3B0BF5721B9CB58D004D20D9 /* Main.storyboard */ = {
			isa = PBXVariantGroup;
			children = (
				3B0BF5731B9CB58D004D20D9 /* Base */,
			);
			name = Main.storyboard;
			sourceTree = "<group>";
		};
		3B0BF5771B9CB58D004D20D9 /* LaunchScreen.xib */ = {
			isa = PBXVariantGroup;
			children = (
				3B0BF5781B9CB58D004D20D9 /* Base */,
			);
			name = LaunchScreen.xib;
			sourceTree = "<group>";
		};
/* End PBXVariantGroup section */

/* Begin XCBuildConfiguration section */
		3B0BF5861B9CB58D004D20D9 /* Debug */ = {
			isa = XCBuildConfiguration;
			buildSettings = {
				ALWAYS_SEARCH_USER_PATHS = NO;
				CLANG_CXX_LANGUAGE_STANDARD = "gnu++0x";
				CLANG_CXX_LIBRARY = "libc++";
				CLANG_ENABLE_MODULES = YES;
				CLANG_ENABLE_OBJC_ARC = YES;
				CLANG_WARN_BOOL_CONVERSION = YES;
				CLANG_WARN_CONSTANT_CONVERSION = YES;
				CLANG_WARN_DIRECT_OBJC_ISA_USAGE = YES_ERROR;
				CLANG_WARN_EMPTY_BODY = YES;
				CLANG_WARN_ENUM_CONVERSION = YES;
				CLANG_WARN_INT_CONVERSION = YES;
				CLANG_WARN_OBJC_ROOT_CLASS = YES_ERROR;
				CLANG_WARN_UNREACHABLE_CODE = YES;
				CLANG_WARN__DUPLICATE_METHOD_MATCH = YES;
				"CODE_SIGN_IDENTITY[sdk=iphoneos*]" = "iPhone Developer";
				COPY_PHASE_STRIP = NO;
				DEBUG_INFORMATION_FORMAT = "dwarf-with-dsym";
				ENABLE_STRICT_OBJC_MSGSEND = YES;
				GCC_C_LANGUAGE_STANDARD = gnu99;
				GCC_DYNAMIC_NO_PIC = NO;
				GCC_NO_COMMON_BLOCKS = YES;
				GCC_OPTIMIZATION_LEVEL = 0;
				GCC_PREPROCESSOR_DEFINITIONS = (
					"DEBUG=1",
					"$(inherited)",
				);
				GCC_SYMBOLS_PRIVATE_EXTERN = NO;
				GCC_WARN_64_TO_32_BIT_CONVERSION = YES;
				GCC_WARN_ABOUT_RETURN_TYPE = YES_ERROR;
				GCC_WARN_UNDECLARED_SELECTOR = YES;
				GCC_WARN_UNINITIALIZED_AUTOS = YES_AGGRESSIVE;
				GCC_WARN_UNUSED_FUNCTION = YES;
				GCC_WARN_UNUSED_VARIABLE = YES;
				IPHONEOS_DEPLOYMENT_TARGET = 8.4;
				MTL_ENABLE_DEBUG_INFO = YES;
				ONLY_ACTIVE_ARCH = YES;
				SDKROOT = iphoneos;
				SWIFT_OPTIMIZATION_LEVEL = "-Onone";
				TARGETED_DEVICE_FAMILY = "1,2";
			};
			name = Debug;
		};
		3B0BF5871B9CB58D004D20D9 /* Release */ = {
			isa = XCBuildConfiguration;
			buildSettings = {
				ALWAYS_SEARCH_USER_PATHS = NO;
				CLANG_CXX_LANGUAGE_STANDARD = "gnu++0x";
				CLANG_CXX_LIBRARY = "libc++";
				CLANG_ENABLE_MODULES = YES;
				CLANG_ENABLE_OBJC_ARC = YES;
				CLANG_WARN_BOOL_CONVERSION = YES;
				CLANG_WARN_CONSTANT_CONVERSION = YES;
				CLANG_WARN_DIRECT_OBJC_ISA_USAGE = YES_ERROR;
				CLANG_WARN_EMPTY_BODY = YES;
				CLANG_WARN_ENUM_CONVERSION = YES;
				CLANG_WARN_INT_CONVERSION = YES;
				CLANG_WARN_OBJC_ROOT_CLASS = YES_ERROR;
				CLANG_WARN_UNREACHABLE_CODE = YES;
				CLANG_WARN__DUPLICATE_METHOD_MATCH = YES;
				"CODE_SIGN_IDENTITY[sdk=iphoneos*]" = "iPhone Developer";
				COPY_PHASE_STRIP = NO;
				DEBUG_INFORMATION_FORMAT = "dwarf-with-dsym";
				ENABLE_NS_ASSERTIONS = NO;
				ENABLE_STRICT_OBJC_MSGSEND = YES;
				GCC_C_LANGUAGE_STANDARD = gnu99;
				GCC_NO_COMMON_BLOCKS = YES;
				GCC_WARN_64_TO_32_BIT_CONVERSION = YES;
				GCC_WARN_ABOUT_RETURN_TYPE = YES_ERROR;
				GCC_WARN_UNDECLARED_SELECTOR = YES;
				GCC_WARN_UNINITIALIZED_AUTOS = YES_AGGRESSIVE;
				GCC_WARN_UNUSED_FUNCTION = YES;
				GCC_WARN_UNUSED_VARIABLE = YES;
				IPHONEOS_DEPLOYMENT_TARGET = 8.4;
				MTL_ENABLE_DEBUG_INFO = NO;
				SDKROOT = iphoneos;
				TARGETED_DEVICE_FAMILY = "1,2";
				VALIDATE_PRODUCT = YES;
			};
			name = Release;
		};
		3B0BF5891B9CB58D004D20D9 /* Debug */ = {
			isa = XCBuildConfiguration;
			buildSettings = {
				ASSETCATALOG_COMPILER_APPICON_NAME = AppIcon;
				INFOPLIST_FILE = PostcardSwift/Info.plist;
				LD_RUNPATH_SEARCH_PATHS = "$(inherited) @executable_path/Frameworks";
				PRODUCT_NAME = "$(TARGET_NAME)";
			};
			name = Debug;
		};
		3B0BF58A1B9CB58D004D20D9 /* Release */ = {
			isa = XCBuildConfiguration;
			buildSettings = {
				ASSETCATALOG_COMPILER_APPICON_NAME = AppIcon;
				INFOPLIST_FILE = PostcardSwift/Info.plist;
				LD_RUNPATH_SEARCH_PATHS = "$(inherited) @executable_path/Frameworks";
				PRODUCT_NAME = "$(TARGET_NAME)";
			};
			name = Release;
		};
		3B0BF58C1B9CB58D004D20D9 /* Debug */ = {
			isa = XCBuildConfiguration;
			buildSettings = {
				BUNDLE_LOADER = "$(TEST_HOST)";
				FRAMEWORK_SEARCH_PATHS = (
					"$(SDKROOT)/Developer/Library/Frameworks",
					"$(inherited)",
				);
				GCC_PREPROCESSOR_DEFINITIONS = (
					"DEBUG=1",
					"$(inherited)",
				);
				INFOPLIST_FILE = PostcardSwiftTests/Info.plist;
				LD_RUNPATH_SEARCH_PATHS = "$(inherited) @executable_path/Frameworks @loader_path/Frameworks";
				PRODUCT_NAME = "$(TARGET_NAME)";
				TEST_HOST = "$(BUILT_PRODUCTS_DIR)/PostcardSwift.app/PostcardSwift";
			};
			name = Debug;
		};
		3B0BF58D1B9CB58D004D20D9 /* Release */ = {
			isa = XCBuildConfiguration;
			buildSettings = {
				BUNDLE_LOADER = "$(TEST_HOST)";
				FRAMEWORK_SEARCH_PATHS = (
					"$(SDKROOT)/Developer/Library/Frameworks",
					"$(inherited)",
				);
				INFOPLIST_FILE = PostcardSwiftTests/Info.plist;
				LD_RUNPATH_SEARCH_PATHS = "$(inherited) @executable_path/Frameworks @loader_path/Frameworks";
				PRODUCT_NAME = "$(TARGET_NAME)";
				TEST_HOST = "$(BUILT_PRODUCTS_DIR)/PostcardSwift.app/PostcardSwift";
			};
			name = Release;
		};
/* End XCBuildConfiguration section */

/* Begin XCConfigurationList section */
		3B0BF5641B9CB58D004D20D9 /* Build configuration list for PBXProject "PostcardSwift" */ = {
			isa = XCConfigurationList;
			buildConfigurations = (
				3B0BF5861B9CB58D004D20D9 /* Debug */,
				3B0BF5871B9CB58D004D20D9 /* Release */,
			);
			defaultConfigurationIsVisible = 0;
			defaultConfigurationName = Release;
		};
		3B0BF5881B9CB58D004D20D9 /* Build configuration list for PBXNativeTarget "PostcardSwift" */ = {
			isa = XCConfigurationList;
			buildConfigurations = (
				3B0BF5891B9CB58D004D20D9 /* Debug */,
				3B0BF58A1B9CB58D004D20D9 /* Release */,
			);
			defaultConfigurationIsVisible = 0;
		};
		3B0BF58B1B9CB58D004D20D9 /* Build configuration list for PBXNativeTarget "PostcardSwiftTests" */ = {
			isa = XCConfigurationList;
			buildConfigurations = (
				3B0BF58C1B9CB58D004D20D9 /* Debug */,
				3B0BF58D1B9CB58D004D20D9 /* Release */,
			);
			defaultConfigurationIsVisible = 0;
		};
/* End XCConfigurationList section */
	};
	rootObject = 3B0BF5611B9CB58D004D20D9 /* Project object */;
}
